
Microsoft Visual Studio Solution File, Format Version 12.00
# Visual Studio 15
VisualStudioVersion = 15.0.27130.2024
MinimumVisualStudioVersion = 10.0.40219.1
Project("{FAE04EC0-301F-11D3-BF4B-00C04F79EFBC}") = "DifferentialEquationSystem", "DifferentialEquationSystem\DifferentialEquationSystem.csproj", "{6B2422A0-8BCF-4FE6-96FF-2DF53C3E500E}"
EndProject
Project("{FAE04EC0-301F-11D3-BF4B-00C04F79EFBC}") = "SystemTest", "SystemTest\SystemTest.csproj", "{BFF7FE33-9F47-4630-A85D-64AD0FD4C1AF}"
EndProject
Project("{FAE04EC0-301F-11D3-BF4B-00C04F79EFBC}") = "Integral", "Integral\Integral.csproj", "{F6206A6F-CEF6-498D-A455-A66D56FC01B4}"
EndProject
Project("{FAE04EC0-301F-11D3-BF4B-00C04F79EFBC}") = "WebApplication1", "WebApplication1\WebApplication1.csproj", "{96291AA8-1FC9-4E41-9660-05FDEF35E996}"
EndProject
Project("{FAE04EC0-301F-11D3-BF4B-00C04F79EFBC}") = "Expressions", "Expressions\Expressions.csproj", "{E31B3278-CA73-4281-9A69-14296C777B3D}"
EndProject
Project("{FAE04EC0-301F-11D3-BF4B-00C04F79EFBC}") = "ExpressionUnitTests", "ExpressionUnitTests\ExpressionUnitTests.csproj", "{7893FD98-1A81-433D-9765-6DE30F86F0F7}"
EndProject
Global
	GlobalSection(SolutionConfigurationPlatforms) = preSolution
		Debug|Any CPU = Debug|Any CPU
		Release|Any CPU = Release|Any CPU
	EndGlobalSection
	GlobalSection(ProjectConfigurationPlatforms) = postSolution
		{6B2422A0-8BCF-4FE6-96FF-2DF53C3E500E}.Debug|Any CPU.ActiveCfg = Debug|Any CPU
		{6B2422A0-8BCF-4FE6-96FF-2DF53C3E500E}.Debug|Any CPU.Build.0 = Debug|Any CPU
		{6B2422A0-8BCF-4FE6-96FF-2DF53C3E500E}.Release|Any CPU.ActiveCfg = Release|Any CPU
		{6B2422A0-8BCF-4FE6-96FF-2DF53C3E500E}.Release|Any CPU.Build.0 = Release|Any CPU
		{BFF7FE33-9F47-4630-A85D-64AD0FD4C1AF}.Debug|Any CPU.ActiveCfg = Debug|Any CPU
		{BFF7FE33-9F47-4630-A85D-64AD0FD4C1AF}.Debug|Any CPU.Build.0 = Debug|Any CPU
		{BFF7FE33-9F47-4630-A85D-64AD0FD4C1AF}.Release|Any CPU.ActiveCfg = Release|Any CPU
		{BFF7FE33-9F47-4630-A85D-64AD0FD4C1AF}.Release|Any CPU.Build.0 = Release|Any CPU
		{F6206A6F-CEF6-498D-A455-A66D56FC01B4}.Debug|Any CPU.ActiveCfg = Debug|Any CPU
		{F6206A6F-CEF6-498D-A455-A66D56FC01B4}.Debug|Any CPU.Build.0 = Debug|Any CPU
		{F6206A6F-CEF6-498D-A455-A66D56FC01B4}.Release|Any CPU.ActiveCfg = Release|Any CPU
		{F6206A6F-CEF6-498D-A455-A66D56FC01B4}.Release|Any CPU.Build.0 = Release|Any CPU
		{96291AA8-1FC9-4E41-9660-05FDEF35E996}.Debug|Any CPU.ActiveCfg = Debug|Any CPU
		{96291AA8-1FC9-4E41-9660-05FDEF35E996}.Debug|Any CPU.Build.0 = Debug|Any CPU
		{96291AA8-1FC9-4E41-9660-05FDEF35E996}.Release|Any CPU.ActiveCfg = Release|Any CPU
		{96291AA8-1FC9-4E41-9660-05FDEF35E996}.Release|Any CPU.Build.0 = Release|Any CPU
		{E31B3278-CA73-4281-9A69-14296C777B3D}.Debug|Any CPU.ActiveCfg = Debug|Any CPU
		{E31B3278-CA73-4281-9A69-14296C777B3D}.Debug|Any CPU.Build.0 = Debug|Any CPU
		{E31B3278-CA73-4281-9A69-14296C777B3D}.Release|Any CPU.ActiveCfg = Release|Any CPU
		{E31B3278-CA73-4281-9A69-14296C777B3D}.Release|Any CPU.Build.0 = Release|Any CPU
		{7893FD98-1A81-433D-9765-6DE30F86F0F7}.Debug|Any CPU.ActiveCfg = Debug|Any CPU
		{7893FD98-1A81-433D-9765-6DE30F86F0F7}.Debug|Any CPU.Build.0 = Debug|Any CPU
		{7893FD98-1A81-433D-9765-6DE30F86F0F7}.Release|Any CPU.ActiveCfg = Release|Any CPU
		{7893FD98-1A81-433D-9765-6DE30F86F0F7}.Release|Any CPU.Build.0 = Release|Any CPU
	EndGlobalSection
	GlobalSection(SolutionProperties) = preSolution
		HideSolutionNode = FALSE
	EndGlobalSection
	GlobalSection(ExtensibilityGlobals) = postSolution
		SolutionGuid = {1C782A95-3026-4CCF-91A6-EAD13D476FCC}
	EndGlobalSection
EndGlobal
